PODS:
  - Flutter (1.0.0)
  - integration_test (0.0.1):
    - Flutter
  - juggle_im (0.0.6):
    - Flutter
    - JuggleIM (= 1.8.12.2)
  - JuggleIM (1.8.12.2)

DEPENDENCIES:
  - Flutter (from `Flutter`)
  - integration_test (from `.symlinks/plugins/integration_test/ios`)
  - juggle_im (from `.symlinks/plugins/juggle_im/ios`)

SPEC REPOS:
  trunk:
    - JuggleIM

EXTERNAL SOURCES:
  Flutter:
    :path: Flutter
  integration_test:
    :path: ".symlinks/plugins/integration_test/ios"
  juggle_im:
    :path: ".symlinks/plugins/juggle_im/ios"

SPEC CHECKSUMS:
  Flutter: e0871f40cf51350855a761d2e70bf5af5b9b5de7
  integration_test: 252f60fa39af5e17c3aa9899d35d908a0721b573
  juggle_im: a18a9590de6cfced97b7c0e1220360308cf2abcb
  JuggleIM: d9c20ae07aaa59915d7e49f7bcf133f8f8344a64

PODFILE CHECKSUM: 6e700dec67e6deac9b1c69bb14c49a2217a12d15

COCOAPODS: 1.16.2
