PODS:
  - Flutter (1.0.0)
  - integration_test (0.0.1):
    - Flutter
  - juggle_im (0.0.53):
    - Flutter
    - JuggleIM (= 1.8.17)
    - JZegoCall (= 1.8.15.6)
  - JuggleIM (1.8.17)
  - JZegoCall (1.8.15.6):
    - JuggleIM
    - ZegoExpressEngine
  - ZegoExpressEngine (3.21.0)

DEPENDENCIES:
  - Flutter (from `Flutter`)
  - integration_test (from `.symlinks/plugins/integration_test/ios`)
  - juggle_im (from `.symlinks/plugins/juggle_im/ios`)

SPEC REPOS:
  trunk:
    - JuggleIM
    - JZegoCall
    - ZegoExpressEngine

EXTERNAL SOURCES:
  Flutter:
    :path: Flutter
  integration_test:
    :path: ".symlinks/plugins/integration_test/ios"
  juggle_im:
    :path: ".symlinks/plugins/juggle_im/ios"

SPEC CHECKSUMS:
  Flutter: e0871f40cf51350855a761d2e70bf5af5b9b5de7
  integration_test: 4a889634ef21a45d28d50d622cf412dc6d9f586e
  juggle_im: 3f6ede69a969768cfcebb83742e8a4729f5300db
  JuggleIM: f1f37f49453c7643cdbc953bbb60be35efdd181e
  JZegoCall: 493a4ac65889d31d337212312bda360b74a62524
  ZegoExpressEngine: 35e12ec838d360b79d57eb6c8572efaad8d204d5

PODFILE CHECKSUM: 6e700dec67e6deac9b1c69bb14c49a2217a12d15

COCOAPODS: 1.16.2
